
Microsoft Visual Studio Solution File, Format Version 12.00
# Visual Studio Version 17
VisualStudioVersion = 17.1.32210.238
MinimumVisualStudioVersion = 10.0.40219.1
Project("{FAE04EC0-301F-11D3-BF4B-00C04F79EFBC}") = "Vigenere Cipher", "Vigenere Cipher\Vigenere Cipher.csproj", "{1FAFFB73-37CA-4564-9CD2-01D4EF1B5FEC}"
EndProject
Global
	GlobalSection(SolutionConfigurationPlatforms) = preSolution
		Debug|Any CPU = Debug|Any CPU
		Release|Any CPU = Release|Any CPU
	EndGlobalSection
	GlobalSection(ProjectConfigurationPlatforms) = postSolution
		{1FAFFB73-37CA-4564-9CD2-01D4EF1B5FEC}.Debug|Any CPU.ActiveCfg = Debug|Any CPU
		{1FAFFB73-37CA-4564-9CD2-01D4EF1B5FEC}.Debug|Any CPU.Build.0 = Debug|Any CPU
		{1FAFFB73-37CA-4564-9CD2-01D4EF1B5FEC}.Release|Any CPU.ActiveCfg = Release|Any CPU
		{1FAFFB73-37CA-4564-9CD2-01D4EF1B5FEC}.Release|Any CPU.Build.0 = Release|Any CPU
	EndGlobalSection
	GlobalSection(SolutionProperties) = preSolution
		HideSolutionNode = FALSE
	EndGlobalSection
	GlobalSection(ExtensibilityGlobals) = postSolution
		SolutionGuid = {6A6BD0D5-C62D-4168-885D-E31C90907FA0}
	EndGlobalSection
EndGlobal
